
Microsoft Visual Studio Solution File, Format Version 12.00
# Visual Studio Version 16
VisualStudioVersion = 16.0.31005.135
MinimumVisualStudioVersion = 10.0.40219.1
Project("{FAE04EC0-301F-11D3-BF4B-00C04F79EFBC}") = "1603 _DesignParkingSystem", "1603 _DesignParkingSystem\1603 _DesignParkingSystem.csproj", "{88ED678E-6822-494C-B10E-9FA2E412F748}"
EndProject
Project("{FAE04EC0-301F-11D3-BF4B-00C04F79EFBC}") = "1748 SumOfUniqueElements", "1748 SumOfUniqueElements\1748 SumOfUniqueElements.csproj", "{C9CD36CB-FAD3-4ACC-878F-9CD02CA71D03}"
EndProject
Project("{FAE04EC0-301F-11D3-BF4B-00C04F79EFBC}") = "1108 Defanging An IP Address", "1108 Defanging An IP Address\1108 Defanging An IP Address.csproj", "{5BF049B7-F433-4486-887A-4187D36889A9}"
EndProject
Project("{FAE04EC0-301F-11D3-BF4B-00C04F79EFBC}") = "1431 Kids With the Greatest Number of Candies", "1431 Kids With the Greatest Number of Candies\1431 Kids With the Greatest Number of Candies.csproj", "{79166613-3E0A-4FD7-AED1-955375107EBB}"
EndProject
Global
	GlobalSection(SolutionConfigurationPlatforms) = preSolution
		Debug|Any CPU = Debug|Any CPU
		Release|Any CPU = Release|Any CPU
	EndGlobalSection
	GlobalSection(ProjectConfigurationPlatforms) = postSolution
		{88ED678E-6822-494C-B10E-9FA2E412F748}.Debug|Any CPU.ActiveCfg = Debug|Any CPU
		{88ED678E-6822-494C-B10E-9FA2E412F748}.Debug|Any CPU.Build.0 = Debug|Any CPU
		{88ED678E-6822-494C-B10E-9FA2E412F748}.Release|Any CPU.ActiveCfg = Release|Any CPU
		{88ED678E-6822-494C-B10E-9FA2E412F748}.Release|Any CPU.Build.0 = Release|Any CPU
		{C9CD36CB-FAD3-4ACC-878F-9CD02CA71D03}.Debug|Any CPU.ActiveCfg = Debug|Any CPU
		{C9CD36CB-FAD3-4ACC-878F-9CD02CA71D03}.Debug|Any CPU.Build.0 = Debug|Any CPU
		{C9CD36CB-FAD3-4ACC-878F-9CD02CA71D03}.Release|Any CPU.ActiveCfg = Release|Any CPU
		{C9CD36CB-FAD3-4ACC-878F-9CD02CA71D03}.Release|Any CPU.Build.0 = Release|Any CPU
		{5BF049B7-F433-4486-887A-4187D36889A9}.Debug|Any CPU.ActiveCfg = Debug|Any CPU
		{5BF049B7-F433-4486-887A-4187D36889A9}.Debug|Any CPU.Build.0 = Debug|Any CPU
		{5BF049B7-F433-4486-887A-4187D36889A9}.Release|Any CPU.ActiveCfg = Release|Any CPU
		{5BF049B7-F433-4486-887A-4187D36889A9}.Release|Any CPU.Build.0 = Release|Any CPU
		{79166613-3E0A-4FD7-AED1-955375107EBB}.Debug|Any CPU.ActiveCfg = Debug|Any CPU
		{79166613-3E0A-4FD7-AED1-955375107EBB}.Debug|Any CPU.Build.0 = Debug|Any CPU
		{79166613-3E0A-4FD7-AED1-955375107EBB}.Release|Any CPU.ActiveCfg = Release|Any CPU
		{79166613-3E0A-4FD7-AED1-955375107EBB}.Release|Any CPU.Build.0 = Release|Any CPU
	EndGlobalSection
	GlobalSection(SolutionProperties) = preSolution
		HideSolutionNode = FALSE
	EndGlobalSection
	GlobalSection(ExtensibilityGlobals) = postSolution
		SolutionGuid = {9CE2A43C-F719-4AB0-B155-ACB71AFA5BAF}
	EndGlobalSection
EndGlobal
